{
  "name": "dcl-project",
  "version": "1.0.0",
  "lockfileVersion": 1,
  "requires": true,
  "dependencies": {
    "commander": {
      "version": "2.20.0",
      "resolved": "https://globaldevtools.bbva.com:443/artifactory/api/npm/npm-repo/commander/-/commander-2.20.0.tgz",
      "integrity": "sha1-1YuytcHuj4ew00ACfp6U4iLFpCI=",
      "dev": true
    },
    "decentraland-ecs": {
      "version": "6.3.1",
      "resolved": "https://globaldevtools.bbva.com:443/artifactory/api/npm/npm-repo/decentraland-ecs/-/decentraland-ecs-6.3.1.tgz",
      "integrity": "sha1-vrUxqiNpLQy0OdSM42JFoUGXGJ4=",
      "dev": true,
      "requires": {
        "typescript": "^3.4.5",
        "uglify-js": "^3.5.2"
      }
    },
    "source-map": {
      "version": "0.6.1",
      "resolved": "https://globaldevtools.bbva.com:443/artifactory/api/npm/npm-repo/source-map/-/source-map-0.6.1.tgz",
      "integrity": "sha1-dHIq8y6WFOnCh6jQu95IteLxomM=",
      "dev": true
    },
    "typescript": {
      "version": "3.6.2",
      "resolved": "https://globaldevtools.bbva.com:443/artifactory/api/npm/npm-repo/typescript/-/typescript-3.6.2.tgz",
      "integrity": "sha1-EFsPGTQRnd5UOsjrca86kQCe/lQ=",
      "dev": true
    },
    "uglify-js": {
      "version": "3.6.0",
      "resolved": "https://globaldevtools.bbva.com:443/artifactory/api/npm/npm-repo/uglify-js/-/uglify-js-3.6.0.tgz",
      "integrity": "sha1-cEaBNFxTqLIHn7bOwpSwXq0kL/U=",
      "dev": true,
      "requires": {
        "commander": "~2.20.0",
        "source-map": "~0.6.1"
      }
    }
  }
}
